
Microsoft Visual Studio Solution File, Format Version 12.00
# Visual Studio Version 16
VisualStudioVersion = 16.0.29911.84
MinimumVisualStudioVersion = 10.0.40219.1
Project("{FAE04EC0-301F-11D3-BF4B-00C04F79EFBC}") = "Lab9", "Lab9\Lab9.csproj", "{5F544749-8E43-4A49-99C1-EB7E955B7EB1}"
EndProject
Global
	GlobalSection(SolutionConfigurationPlatforms) = preSolution
		Debug|Any CPU = Debug|Any CPU
		Release|Any CPU = Release|Any CPU
	EndGlobalSection
	GlobalSection(ProjectConfigurationPlatforms) = postSolution
		{5F544749-8E43-4A49-99C1-EB7E955B7EB1}.Debug|Any CPU.ActiveCfg = Debug|Any CPU
		{5F544749-8E43-4A49-99C1-EB7E955B7EB1}.Debug|Any CPU.Build.0 = Debug|Any CPU
		{5F544749-8E43-4A49-99C1-EB7E955B7EB1}.Release|Any CPU.ActiveCfg = Release|Any CPU
		{5F544749-8E43-4A49-99C1-EB7E955B7EB1}.Release|Any CPU.Build.0 = Release|Any CPU
	EndGlobalSection
	GlobalSection(SolutionProperties) = preSolution
		HideSolutionNode = FALSE
	EndGlobalSection
	GlobalSection(ExtensibilityGlobals) = postSolution
		SolutionGuid = {BB1706CE-BCE2-44EC-9C44-F7733C5E8CD2}
	EndGlobalSection
EndGlobal
